
Microsoft Visual Studio Solution File, Format Version 12.00
# Visual Studio Version 17
VisualStudioVersion = 17.1.32421.90
MinimumVisualStudioVersion = 10.0.40219.1
Project("{FAE04EC0-301F-11D3-BF4B-00C04F79EFBC}") = "Linq", "Linq\Linq.csproj", "{4242EFB4-396A-4CB2-AEDB-B4E24DD5B634}"
EndProject
Project("{FAE04EC0-301F-11D3-BF4B-00C04F79EFBC}") = "LoopFindElements", "LoopFindElements\LoopFindElements.csproj", "{99DF065A-5815-41C1-9893-648B60D2CABF}"
EndProject
Project("{FAE04EC0-301F-11D3-BF4B-00C04F79EFBC}") = "DelegatesFindElements", "DelegatesFindElements\DelegatesFindElements.csproj", "{609C7A77-4DB4-4A8F-8993-C97FED4B8EB4}"
EndProject
Project("{FAE04EC0-301F-11D3-BF4B-00C04F79EFBC}") = "LinqQuerySyntax", "LinqQuerySyntax\LinqQuerySyntax.csproj", "{7921E5EA-57A9-4DCF-B8D4-641F051200D0}"
EndProject
Project("{FAE04EC0-301F-11D3-BF4B-00C04F79EFBC}") = "LinqMethodSyntax", "LinqMethodSyntax\LinqMethodSyntax.csproj", "{444841E1-5368-4F37-B607-9BC139B3963A}"
EndProject
Project("{FAE04EC0-301F-11D3-BF4B-00C04F79EFBC}") = "LambdaExpression", "LambdaExpression\LambdaExpression.csproj", "{89949253-F118-479A-ADE9-ED243E1B9ED9}"
EndProject
Project("{FAE04EC0-301F-11D3-BF4B-00C04F79EFBC}") = "Where", "Where\Where.csproj", "{175C20C7-8EDB-4635-A346-27AA7A4D60CC}"
EndProject
Project("{FAE04EC0-301F-11D3-BF4B-00C04F79EFBC}") = "OfType", "OfType\OfType.csproj", "{92C04DEF-77F0-43CB-9ECB-E825102DDC89}"
EndProject
Project("{FAE04EC0-301F-11D3-BF4B-00C04F79EFBC}") = "OrderBy", "OrderBy\OrderBy.csproj", "{A31ADBAB-7CAB-4B3F-A8BE-22B407EE7B16}"
EndProject
Project("{FAE04EC0-301F-11D3-BF4B-00C04F79EFBC}") = "ThenBy", "ThenBy\ThenBy.csproj", "{7C0C6E9B-CC9D-414C-A633-E4143E1735F1}"
EndProject
Project("{FAE04EC0-301F-11D3-BF4B-00C04F79EFBC}") = "GroupBy", "GroupBy\GroupBy.csproj", "{C400F649-EE32-46F8-A383-079C4C25E437}"
EndProject
Project("{FAE04EC0-301F-11D3-BF4B-00C04F79EFBC}") = "Join", "Join\Join.csproj", "{E353EC90-504C-4DF5-B2D1-756EAA4531B4}"
EndProject
Project("{FAE04EC0-301F-11D3-BF4B-00C04F79EFBC}") = "JoinFrom", "JoinFrom\JoinFrom.csproj", "{002AA703-FAD3-4238-B511-D61C9ED9F87B}"
EndProject
Project("{FAE04EC0-301F-11D3-BF4B-00C04F79EFBC}") = "GroupJoin", "GroupJoin\GroupJoin.csproj", "{8919E5F3-5F85-4048-B939-393066CB7582}"
EndProject
Project("{FAE04EC0-301F-11D3-BF4B-00C04F79EFBC}") = "SelectSelectMany", "SelectSelectMany\SelectSelectMany.csproj", "{A65B3E18-ED12-47D2-8B22-B8DC4CABDD64}"
EndProject
Project("{FAE04EC0-301F-11D3-BF4B-00C04F79EFBC}") = "AllAny", "AllAny\AllAny.csproj", "{B4941F46-FA1A-40E7-9AA9-B97D9AB28E01}"
EndProject
Project("{FAE04EC0-301F-11D3-BF4B-00C04F79EFBC}") = "Contains", "Contains\Contains.csproj", "{C9551BEC-45C8-48B7-B7C5-9E41D7678180}"
EndProject
Project("{FAE04EC0-301F-11D3-BF4B-00C04F79EFBC}") = "Aggregate", "Aggregate\Aggregate.csproj", "{D4561CBD-EE2F-4399-AE85-ABCC4156916E}"
EndProject
Project("{FAE04EC0-301F-11D3-BF4B-00C04F79EFBC}") = "Average", "Average\Average.csproj", "{BCFE9C00-86AD-448B-9E2C-23A2D208701A}"
EndProject
Project("{FAE04EC0-301F-11D3-BF4B-00C04F79EFBC}") = "Count", "Count\Count.csproj", "{F355C10F-170C-4B2A-99EE-D2B3E27497A1}"
EndProject
Project("{FAE04EC0-301F-11D3-BF4B-00C04F79EFBC}") = "Max", "Max\Max.csproj", "{83AB21F3-BC9A-48DB-9709-A6A8032833B4}"
EndProject
Project("{FAE04EC0-301F-11D3-BF4B-00C04F79EFBC}") = "Sum", "Sum\Sum.csproj", "{A2E74A1E-397F-453E-BDDA-205AFEDBCBA5}"
EndProject
Project("{FAE04EC0-301F-11D3-BF4B-00C04F79EFBC}") = "ElementAt", "ElementAt\ElementAt.csproj", "{E94E3DF9-7585-4DBE-9C8C-7F83DD9EAB4B}"
EndProject
Project("{FAE04EC0-301F-11D3-BF4B-00C04F79EFBC}") = "FirstOrDefault", "FirstOrDefault\FirstOrDefault.csproj", "{6CACA4C0-F2C1-421D-B5C4-4984E45D0806}"
EndProject
Project("{FAE04EC0-301F-11D3-BF4B-00C04F79EFBC}") = "LastOrDefault", "LastOrDefault\LastOrDefault.csproj", "{9D85963A-6467-4DAF-B11B-B3A41F683648}"
EndProject
Project("{FAE04EC0-301F-11D3-BF4B-00C04F79EFBC}") = "SingleOrDefault", "SingleOrDefault\SingleOrDefault.csproj", "{9CE0ABEC-1925-4AD4-A2D2-BF5B7587388C}"
EndProject
Project("{FAE04EC0-301F-11D3-BF4B-00C04F79EFBC}") = "SequenceEqual", "SequenceEqual\SequenceEqual.csproj", "{E0117659-26C6-48F1-8853-B3359F325038}"
EndProject
Global
	GlobalSection(SolutionConfigurationPlatforms) = preSolution
		Debug|Any CPU = Debug|Any CPU
		Release|Any CPU = Release|Any CPU
	EndGlobalSection
	GlobalSection(ProjectConfigurationPlatforms) = postSolution
		{4242EFB4-396A-4CB2-AEDB-B4E24DD5B634}.Debug|Any CPU.ActiveCfg = Debug|Any CPU
		{4242EFB4-396A-4CB2-AEDB-B4E24DD5B634}.Debug|Any CPU.Build.0 = Debug|Any CPU
		{4242EFB4-396A-4CB2-AEDB-B4E24DD5B634}.Release|Any CPU.ActiveCfg = Release|Any CPU
		{4242EFB4-396A-4CB2-AEDB-B4E24DD5B634}.Release|Any CPU.Build.0 = Release|Any CPU
		{99DF065A-5815-41C1-9893-648B60D2CABF}.Debug|Any CPU.ActiveCfg = Debug|Any CPU
		{99DF065A-5815-41C1-9893-648B60D2CABF}.Debug|Any CPU.Build.0 = Debug|Any CPU
		{99DF065A-5815-41C1-9893-648B60D2CABF}.Release|Any CPU.ActiveCfg = Release|Any CPU
		{99DF065A-5815-41C1-9893-648B60D2CABF}.Release|Any CPU.Build.0 = Release|Any CPU
		{609C7A77-4DB4-4A8F-8993-C97FED4B8EB4}.Debug|Any CPU.ActiveCfg = Debug|Any CPU
		{609C7A77-4DB4-4A8F-8993-C97FED4B8EB4}.Debug|Any CPU.Build.0 = Debug|Any CPU
		{609C7A77-4DB4-4A8F-8993-C97FED4B8EB4}.Release|Any CPU.ActiveCfg = Release|Any CPU
		{609C7A77-4DB4-4A8F-8993-C97FED4B8EB4}.Release|Any CPU.Build.0 = Release|Any CPU
		{7921E5EA-57A9-4DCF-B8D4-641F051200D0}.Debug|Any CPU.ActiveCfg = Debug|Any CPU
		{7921E5EA-57A9-4DCF-B8D4-641F051200D0}.Debug|Any CPU.Build.0 = Debug|Any CPU
		{7921E5EA-57A9-4DCF-B8D4-641F051200D0}.Release|Any CPU.ActiveCfg = Release|Any CPU
		{7921E5EA-57A9-4DCF-B8D4-641F051200D0}.Release|Any CPU.Build.0 = Release|Any CPU
		{444841E1-5368-4F37-B607-9BC139B3963A}.Debug|Any CPU.ActiveCfg = Debug|Any CPU
		{444841E1-5368-4F37-B607-9BC139B3963A}.Debug|Any CPU.Build.0 = Debug|Any CPU
		{444841E1-5368-4F37-B607-9BC139B3963A}.Release|Any CPU.ActiveCfg = Release|Any CPU
		{444841E1-5368-4F37-B607-9BC139B3963A}.Release|Any CPU.Build.0 = Release|Any CPU
		{89949253-F118-479A-ADE9-ED243E1B9ED9}.Debug|Any CPU.ActiveCfg = Debug|Any CPU
		{89949253-F118-479A-ADE9-ED243E1B9ED9}.Debug|Any CPU.Build.0 = Debug|Any CPU
		{89949253-F118-479A-ADE9-ED243E1B9ED9}.Release|Any CPU.ActiveCfg = Release|Any CPU
		{89949253-F118-479A-ADE9-ED243E1B9ED9}.Release|Any CPU.Build.0 = Release|Any CPU
		{175C20C7-8EDB-4635-A346-27AA7A4D60CC}.Debug|Any CPU.ActiveCfg = Debug|Any CPU
		{175C20C7-8EDB-4635-A346-27AA7A4D60CC}.Debug|Any CPU.Build.0 = Debug|Any CPU
		{175C20C7-8EDB-4635-A346-27AA7A4D60CC}.Release|Any CPU.ActiveCfg = Release|Any CPU
		{175C20C7-8EDB-4635-A346-27AA7A4D60CC}.Release|Any CPU.Build.0 = Release|Any CPU
		{92C04DEF-77F0-43CB-9ECB-E825102DDC89}.Debug|Any CPU.ActiveCfg = Debug|Any CPU
		{92C04DEF-77F0-43CB-9ECB-E825102DDC89}.Debug|Any CPU.Build.0 = Debug|Any CPU
		{92C04DEF-77F0-43CB-9ECB-E825102DDC89}.Release|Any CPU.ActiveCfg = Release|Any CPU
		{92C04DEF-77F0-43CB-9ECB-E825102DDC89}.Release|Any CPU.Build.0 = Release|Any CPU
		{A31ADBAB-7CAB-4B3F-A8BE-22B407EE7B16}.Debug|Any CPU.ActiveCfg = Debug|Any CPU
		{A31ADBAB-7CAB-4B3F-A8BE-22B407EE7B16}.Debug|Any CPU.Build.0 = Debug|Any CPU
		{A31ADBAB-7CAB-4B3F-A8BE-22B407EE7B16}.Release|Any CPU.ActiveCfg = Release|Any CPU
		{A31ADBAB-7CAB-4B3F-A8BE-22B407EE7B16}.Release|Any CPU.Build.0 = Release|Any CPU
		{7C0C6E9B-CC9D-414C-A633-E4143E1735F1}.Debug|Any CPU.ActiveCfg = Debug|Any CPU
		{7C0C6E9B-CC9D-414C-A633-E4143E1735F1}.Debug|Any CPU.Build.0 = Debug|Any CPU
		{7C0C6E9B-CC9D-414C-A633-E4143E1735F1}.Release|Any CPU.ActiveCfg = Release|Any CPU
		{7C0C6E9B-CC9D-414C-A633-E4143E1735F1}.Release|Any CPU.Build.0 = Release|Any CPU
		{C400F649-EE32-46F8-A383-079C4C25E437}.Debug|Any CPU.ActiveCfg = Debug|Any CPU
		{C400F649-EE32-46F8-A383-079C4C25E437}.Debug|Any CPU.Build.0 = Debug|Any CPU
		{C400F649-EE32-46F8-A383-079C4C25E437}.Release|Any CPU.ActiveCfg = Release|Any CPU
		{C400F649-EE32-46F8-A383-079C4C25E437}.Release|Any CPU.Build.0 = Release|Any CPU
		{E353EC90-504C-4DF5-B2D1-756EAA4531B4}.Debug|Any CPU.ActiveCfg = Debug|Any CPU
		{E353EC90-504C-4DF5-B2D1-756EAA4531B4}.Debug|Any CPU.Build.0 = Debug|Any CPU
		{E353EC90-504C-4DF5-B2D1-756EAA4531B4}.Release|Any CPU.ActiveCfg = Release|Any CPU
		{E353EC90-504C-4DF5-B2D1-756EAA4531B4}.Release|Any CPU.Build.0 = Release|Any CPU
		{002AA703-FAD3-4238-B511-D61C9ED9F87B}.Debug|Any CPU.ActiveCfg = Debug|Any CPU
		{002AA703-FAD3-4238-B511-D61C9ED9F87B}.Debug|Any CPU.Build.0 = Debug|Any CPU
		{002AA703-FAD3-4238-B511-D61C9ED9F87B}.Release|Any CPU.ActiveCfg = Release|Any CPU
		{002AA703-FAD3-4238-B511-D61C9ED9F87B}.Release|Any CPU.Build.0 = Release|Any CPU
		{8919E5F3-5F85-4048-B939-393066CB7582}.Debug|Any CPU.ActiveCfg = Debug|Any CPU
		{8919E5F3-5F85-4048-B939-393066CB7582}.Debug|Any CPU.Build.0 = Debug|Any CPU
		{8919E5F3-5F85-4048-B939-393066CB7582}.Release|Any CPU.ActiveCfg = Release|Any CPU
		{8919E5F3-5F85-4048-B939-393066CB7582}.Release|Any CPU.Build.0 = Release|Any CPU
		{A65B3E18-ED12-47D2-8B22-B8DC4CABDD64}.Debug|Any CPU.ActiveCfg = Debug|Any CPU
		{A65B3E18-ED12-47D2-8B22-B8DC4CABDD64}.Debug|Any CPU.Build.0 = Debug|Any CPU
		{A65B3E18-ED12-47D2-8B22-B8DC4CABDD64}.Release|Any CPU.ActiveCfg = Release|Any CPU
		{A65B3E18-ED12-47D2-8B22-B8DC4CABDD64}.Release|Any CPU.Build.0 = Release|Any CPU
		{B4941F46-FA1A-40E7-9AA9-B97D9AB28E01}.Debug|Any CPU.ActiveCfg = Debug|Any CPU
		{B4941F46-FA1A-40E7-9AA9-B97D9AB28E01}.Debug|Any CPU.Build.0 = Debug|Any CPU
		{B4941F46-FA1A-40E7-9AA9-B97D9AB28E01}.Release|Any CPU.ActiveCfg = Release|Any CPU
		{B4941F46-FA1A-40E7-9AA9-B97D9AB28E01}.Release|Any CPU.Build.0 = Release|Any CPU
		{C9551BEC-45C8-48B7-B7C5-9E41D7678180}.Debug|Any CPU.ActiveCfg = Debug|Any CPU
		{C9551BEC-45C8-48B7-B7C5-9E41D7678180}.Debug|Any CPU.Build.0 = Debug|Any CPU
		{C9551BEC-45C8-48B7-B7C5-9E41D7678180}.Release|Any CPU.ActiveCfg = Release|Any CPU
		{C9551BEC-45C8-48B7-B7C5-9E41D7678180}.Release|Any CPU.Build.0 = Release|Any CPU
		{D4561CBD-EE2F-4399-AE85-ABCC4156916E}.Debug|Any CPU.ActiveCfg = Debug|Any CPU
		{D4561CBD-EE2F-4399-AE85-ABCC4156916E}.Debug|Any CPU.Build.0 = Debug|Any CPU
		{D4561CBD-EE2F-4399-AE85-ABCC4156916E}.Release|Any CPU.ActiveCfg = Release|Any CPU
		{D4561CBD-EE2F-4399-AE85-ABCC4156916E}.Release|Any CPU.Build.0 = Release|Any CPU
		{BCFE9C00-86AD-448B-9E2C-23A2D208701A}.Debug|Any CPU.ActiveCfg = Debug|Any CPU
		{BCFE9C00-86AD-448B-9E2C-23A2D208701A}.Debug|Any CPU.Build.0 = Debug|Any CPU
		{BCFE9C00-86AD-448B-9E2C-23A2D208701A}.Release|Any CPU.ActiveCfg = Release|Any CPU
		{BCFE9C00-86AD-448B-9E2C-23A2D208701A}.Release|Any CPU.Build.0 = Release|Any CPU
		{F355C10F-170C-4B2A-99EE-D2B3E27497A1}.Debug|Any CPU.ActiveCfg = Debug|Any CPU
		{F355C10F-170C-4B2A-99EE-D2B3E27497A1}.Debug|Any CPU.Build.0 = Debug|Any CPU
		{F355C10F-170C-4B2A-99EE-D2B3E27497A1}.Release|Any CPU.ActiveCfg = Release|Any CPU
		{F355C10F-170C-4B2A-99EE-D2B3E27497A1}.Release|Any CPU.Build.0 = Release|Any CPU
		{83AB21F3-BC9A-48DB-9709-A6A8032833B4}.Debug|Any CPU.ActiveCfg = Debug|Any CPU
		{83AB21F3-BC9A-48DB-9709-A6A8032833B4}.Debug|Any CPU.Build.0 = Debug|Any CPU
		{83AB21F3-BC9A-48DB-9709-A6A8032833B4}.Release|Any CPU.ActiveCfg = Release|Any CPU
		{83AB21F3-BC9A-48DB-9709-A6A8032833B4}.Release|Any CPU.Build.0 = Release|Any CPU
		{A2E74A1E-397F-453E-BDDA-205AFEDBCBA5}.Debug|Any CPU.ActiveCfg = Debug|Any CPU
		{A2E74A1E-397F-453E-BDDA-205AFEDBCBA5}.Debug|Any CPU.Build.0 = Debug|Any CPU
		{A2E74A1E-397F-453E-BDDA-205AFEDBCBA5}.Release|Any CPU.ActiveCfg = Release|Any CPU
		{A2E74A1E-397F-453E-BDDA-205AFEDBCBA5}.Release|Any CPU.Build.0 = Release|Any CPU
		{E94E3DF9-7585-4DBE-9C8C-7F83DD9EAB4B}.Debug|Any CPU.ActiveCfg = Debug|Any CPU
		{E94E3DF9-7585-4DBE-9C8C-7F83DD9EAB4B}.Debug|Any CPU.Build.0 = Debug|Any CPU
		{E94E3DF9-7585-4DBE-9C8C-7F83DD9EAB4B}.Release|Any CPU.ActiveCfg = Release|Any CPU
		{E94E3DF9-7585-4DBE-9C8C-7F83DD9EAB4B}.Release|Any CPU.Build.0 = Release|Any CPU
		{6CACA4C0-F2C1-421D-B5C4-4984E45D0806}.Debug|Any CPU.ActiveCfg = Debug|Any CPU
		{6CACA4C0-F2C1-421D-B5C4-4984E45D0806}.Debug|Any CPU.Build.0 = Debug|Any CPU
		{6CACA4C0-F2C1-421D-B5C4-4984E45D0806}.Release|Any CPU.ActiveCfg = Release|Any CPU
		{6CACA4C0-F2C1-421D-B5C4-4984E45D0806}.Release|Any CPU.Build.0 = Release|Any CPU
		{9D85963A-6467-4DAF-B11B-B3A41F683648}.Debug|Any CPU.ActiveCfg = Debug|Any CPU
		{9D85963A-6467-4DAF-B11B-B3A41F683648}.Debug|Any CPU.Build.0 = Debug|Any CPU
		{9D85963A-6467-4DAF-B11B-B3A41F683648}.Release|Any CPU.ActiveCfg = Release|Any CPU
		{9D85963A-6467-4DAF-B11B-B3A41F683648}.Release|Any CPU.Build.0 = Release|Any CPU
		{9CE0ABEC-1925-4AD4-A2D2-BF5B7587388C}.Debug|Any CPU.ActiveCfg = Debug|Any CPU
		{9CE0ABEC-1925-4AD4-A2D2-BF5B7587388C}.Debug|Any CPU.Build.0 = Debug|Any CPU
		{9CE0ABEC-1925-4AD4-A2D2-BF5B7587388C}.Release|Any CPU.ActiveCfg = Release|Any CPU
		{9CE0ABEC-1925-4AD4-A2D2-BF5B7587388C}.Release|Any CPU.Build.0 = Release|Any CPU
		{E0117659-26C6-48F1-8853-B3359F325038}.Debug|Any CPU.ActiveCfg = Debug|Any CPU
		{E0117659-26C6-48F1-8853-B3359F325038}.Debug|Any CPU.Build.0 = Debug|Any CPU
		{E0117659-26C6-48F1-8853-B3359F325038}.Release|Any CPU.ActiveCfg = Release|Any CPU
		{E0117659-26C6-48F1-8853-B3359F325038}.Release|Any CPU.Build.0 = Release|Any CPU
	EndGlobalSection
	GlobalSection(SolutionProperties) = preSolution
		HideSolutionNode = FALSE
	EndGlobalSection
	GlobalSection(ExtensibilityGlobals) = postSolution
		SolutionGuid = {1156FC80-7C09-4642-A8C7-3DA6A210C548}
	EndGlobalSection
EndGlobal
