
Microsoft Visual Studio Solution File, Format Version 12.00
# Visual Studio Version 17
VisualStudioVersion = 17.1.32421.90
MinimumVisualStudioVersion = 10.0.40219.1
Project("{FAE04EC0-301F-11D3-BF4B-00C04F79EFBC}") = "Linq", "Linq\Linq.csproj", "{4242EFB4-396A-4CB2-AEDB-B4E24DD5B634}"
EndProject
Project("{FAE04EC0-301F-11D3-BF4B-00C04F79EFBC}") = "LoopFindElements", "LoopFindElements\LoopFindElements.csproj", "{99DF065A-5815-41C1-9893-648B60D2CABF}"
EndProject
Project("{FAE04EC0-301F-11D3-BF4B-00C04F79EFBC}") = "DelegatesFindElements", "DelegatesFindElements\DelegatesFindElements.csproj", "{609C7A77-4DB4-4A8F-8993-C97FED4B8EB4}"
EndProject
Project("{FAE04EC0-301F-11D3-BF4B-00C04F79EFBC}") = "LinqQuerySyntax", "LinqQuerySyntax\LinqQuerySyntax.csproj", "{7921E5EA-57A9-4DCF-B8D4-641F051200D0}"
EndProject
Project("{FAE04EC0-301F-11D3-BF4B-00C04F79EFBC}") = "LinqMethodSyntax", "LinqMethodSyntax\LinqMethodSyntax.csproj", "{444841E1-5368-4F37-B607-9BC139B3963A}"
EndProject
Global
	GlobalSection(SolutionConfigurationPlatforms) = preSolution
		Debug|Any CPU = Debug|Any CPU
		Release|Any CPU = Release|Any CPU
	EndGlobalSection
	GlobalSection(ProjectConfigurationPlatforms) = postSolution
		{4242EFB4-396A-4CB2-AEDB-B4E24DD5B634}.Debug|Any CPU.ActiveCfg = Debug|Any CPU
		{4242EFB4-396A-4CB2-AEDB-B4E24DD5B634}.Debug|Any CPU.Build.0 = Debug|Any CPU
		{4242EFB4-396A-4CB2-AEDB-B4E24DD5B634}.Release|Any CPU.ActiveCfg = Release|Any CPU
		{4242EFB4-396A-4CB2-AEDB-B4E24DD5B634}.Release|Any CPU.Build.0 = Release|Any CPU
		{99DF065A-5815-41C1-9893-648B60D2CABF}.Debug|Any CPU.ActiveCfg = Debug|Any CPU
		{99DF065A-5815-41C1-9893-648B60D2CABF}.Debug|Any CPU.Build.0 = Debug|Any CPU
		{99DF065A-5815-41C1-9893-648B60D2CABF}.Release|Any CPU.ActiveCfg = Release|Any CPU
		{99DF065A-5815-41C1-9893-648B60D2CABF}.Release|Any CPU.Build.0 = Release|Any CPU
		{609C7A77-4DB4-4A8F-8993-C97FED4B8EB4}.Debug|Any CPU.ActiveCfg = Debug|Any CPU
		{609C7A77-4DB4-4A8F-8993-C97FED4B8EB4}.Debug|Any CPU.Build.0 = Debug|Any CPU
		{609C7A77-4DB4-4A8F-8993-C97FED4B8EB4}.Release|Any CPU.ActiveCfg = Release|Any CPU
		{609C7A77-4DB4-4A8F-8993-C97FED4B8EB4}.Release|Any CPU.Build.0 = Release|Any CPU
		{7921E5EA-57A9-4DCF-B8D4-641F051200D0}.Debug|Any CPU.ActiveCfg = Debug|Any CPU
		{7921E5EA-57A9-4DCF-B8D4-641F051200D0}.Debug|Any CPU.Build.0 = Debug|Any CPU
		{7921E5EA-57A9-4DCF-B8D4-641F051200D0}.Release|Any CPU.ActiveCfg = Release|Any CPU
		{7921E5EA-57A9-4DCF-B8D4-641F051200D0}.Release|Any CPU.Build.0 = Release|Any CPU
		{444841E1-5368-4F37-B607-9BC139B3963A}.Debug|Any CPU.ActiveCfg = Debug|Any CPU
		{444841E1-5368-4F37-B607-9BC139B3963A}.Debug|Any CPU.Build.0 = Debug|Any CPU
		{444841E1-5368-4F37-B607-9BC139B3963A}.Release|Any CPU.ActiveCfg = Release|Any CPU
		{444841E1-5368-4F37-B607-9BC139B3963A}.Release|Any CPU.Build.0 = Release|Any CPU
	EndGlobalSection
	GlobalSection(SolutionProperties) = preSolution
		HideSolutionNode = FALSE
	EndGlobalSection
	GlobalSection(ExtensibilityGlobals) = postSolution
		SolutionGuid = {1156FC80-7C09-4642-A8C7-3DA6A210C548}
	EndGlobalSection
EndGlobal
